
Microsoft Visual Studio Solution File, Format Version 12.00
# Visual Studio Version 17
VisualStudioVersion = 17.7.34031.279
MinimumVisualStudioVersion = 10.0.40219.1
Project("{FAE04EC0-301F-11D3-BF4B-00C04F79EFBC}") = "spotify-playlist-manager", "spotify-playlist-manager.csproj", "{F27A10D6-AE6E-48C3-B433-000B9456C19D}"
EndProject
Global
	GlobalSection(SolutionConfigurationPlatforms) = preSolution
		Debug|Any CPU = Debug|Any CPU
		Release|Any CPU = Release|Any CPU
	EndGlobalSection
	GlobalSection(ProjectConfigurationPlatforms) = postSolution
		{F27A10D6-AE6E-48C3-B433-000B9456C19D}.Debug|Any CPU.ActiveCfg = Debug|Any CPU
		{F27A10D6-AE6E-48C3-B433-000B9456C19D}.Debug|Any CPU.Build.0 = Debug|Any CPU
		{F27A10D6-AE6E-48C3-B433-000B9456C19D}.Release|Any CPU.ActiveCfg = Release|Any CPU
		{F27A10D6-AE6E-48C3-B433-000B9456C19D}.Release|Any CPU.Build.0 = Release|Any CPU
	EndGlobalSection
	GlobalSection(SolutionProperties) = preSolution
		HideSolutionNode = FALSE
	EndGlobalSection
	GlobalSection(ExtensibilityGlobals) = postSolution
		SolutionGuid = {67054B0B-C8DF-42EF-9FE5-5280DE1D4F08}
	EndGlobalSection
EndGlobal
